// !$*UTF8*$!
{
	archiveVersion = 1;
	classes = {
	};
	objectVersion = 56;
	objects = {

/* Begin PBXBuildFile section */
		52ABFA7B1CBBD7E980B5B12E /* Pods_Products_AppTests.framework in Frameworks */ = {isa = PBXBuildFile; fileRef = AD4D1250AE66B0085FC899B5 /* Pods_Products_AppTests.framework */; };
		A5F9802513E398923802515C /* Pods_Products_App.framework in Frameworks */ = {isa = PBXBuildFile; fileRef = 56658B673148042E1B73DF2A /* Pods_Products_App.framework */; };
		DEEF6840415860DCEFFDA466 /* Pods_Products_App_Products_AppUITests.framework in Frameworks */ = {isa = PBXBuildFile; fileRef = 8822339376BC53D50F160D45 /* Pods_Products_App_Products_AppUITests.framework */; };
		EC4C93FF29A7615600B81093 /* Launch Screen.storyboard in Resources */ = {isa = PBXBuildFile; fileRef = EC4C93FE29A7615600B81093 /* Launch Screen.storyboard */; };
		ECC49D5829A6A458004D2F7B /* ProductDetailView.swift in Sources */ = {isa = PBXBuildFile; fileRef = ECC49D5729A6A458004D2F7B /* ProductDetailView.swift */; };
		ECC49D5B29A6A483004D2F7B /* ProductsView.swift in Sources */ = {isa = PBXBuildFile; fileRef = ECC49D5A29A6A483004D2F7B /* ProductsView.swift */; };
		ECC49D5E29A6A4E3004D2F7B /* Structs.swift in Sources */ = {isa = PBXBuildFile; fileRef = ECC49D5D29A6A4E3004D2F7B /* Structs.swift */; };
		ECC49D6129A6A684004D2F7B /* ProductDetailManager.swift in Sources */ = {isa = PBXBuildFile; fileRef = ECC49D6029A6A684004D2F7B /* ProductDetailManager.swift */; };
		ECC49D6629A7471A004D2F7B /* NetworkManager.swift in Sources */ = {isa = PBXBuildFile; fileRef = ECC49D6529A7471A004D2F7B /* NetworkManager.swift */; };
		ECC49D6929A748A3004D2F7B /* NetworkAPI.swift in Sources */ = {isa = PBXBuildFile; fileRef = ECC49D6829A748A3004D2F7B /* NetworkAPI.swift */; };
		ECC49D6C29A74D48004D2F7B /* MainError.swift in Sources */ = {isa = PBXBuildFile; fileRef = ECC49D6B29A74D48004D2F7B /* MainError.swift */; };
		ECC49D7529A74F74004D2F7B /* ProductsList.swift in Sources */ = {isa = PBXBuildFile; fileRef = ECC49D7429A74F74004D2F7B /* ProductsList.swift */; };
		ECC49D7729A7500F004D2F7B /* MainImage.swift in Sources */ = {isa = PBXBuildFile; fileRef = ECC49D7629A7500F004D2F7B /* MainImage.swift */; };
		ECC49D7B29A751FC004D2F7B /* ProductsNavigationLink.swift in Sources */ = {isa = PBXBuildFile; fileRef = ECC49D7A29A751FC004D2F7B /* ProductsNavigationLink.swift */; };
		ECC49D7D29A753D4004D2F7B /* ProductDetail.swift in Sources */ = {isa = PBXBuildFile; fileRef = ECC49D7C29A753D4004D2F7B /* ProductDetail.swift */; };
		ECD625EB29A685F7003E2FF7 /* Products_AppApp.swift in Sources */ = {isa = PBXBuildFile; fileRef = ECD625EA29A685F7003E2FF7 /* Products_AppApp.swift */; };
		ECD625ED29A685F7003E2FF7 /* ContentView.swift in Sources */ = {isa = PBXBuildFile; fileRef = ECD625EC29A685F7003E2FF7 /* ContentView.swift */; };
		ECD625EF29A685F8003E2FF7 /* Assets.xcassets in Resources */ = {isa = PBXBuildFile; fileRef = ECD625EE29A685F8003E2FF7 /* Assets.xcassets */; };
		ECD625F229A685F8003E2FF7 /* Preview Assets.xcassets in Resources */ = {isa = PBXBuildFile; fileRef = ECD625F129A685F8003E2FF7 /* Preview Assets.xcassets */; };
		ECD625FC29A685F8003E2FF7 /* Products_AppTests.swift in Sources */ = {isa = PBXBuildFile; fileRef = ECD625FB29A685F8003E2FF7 /* Products_AppTests.swift */; };
		ECD6260629A685F8003E2FF7 /* Products_AppUITests.swift in Sources */ = {isa = PBXBuildFile; fileRef = ECD6260529A685F8003E2FF7 /* Products_AppUITests.swift */; };
		ECD6260829A685F8003E2FF7 /* Products_AppUITestsLaunchTests.swift in Sources */ = {isa = PBXBuildFile; fileRef = ECD6260729A685F8003E2FF7 /* Products_AppUITestsLaunchTests.swift */; };
		ECD6261829A6902C003E2FF7 /* MainView.swift in Sources */ = {isa = PBXBuildFile; fileRef = ECD6261729A6902C003E2FF7 /* MainView.swift */; };
		ECD6261B29A69185003E2FF7 /* ProductsManager.swift in Sources */ = {isa = PBXBuildFile; fileRef = ECD6261A29A69185003E2FF7 /* ProductsManager.swift */; };
/* End PBXBuildFile section */

/* Begin PBXContainerItemProxy section */
		ECD625F829A685F8003E2FF7 /* PBXContainerItemProxy */ = {
			isa = PBXContainerItemProxy;
			containerPortal = ECD625DF29A685F7003E2FF7 /* Project object */;
			proxyType = 1;
			remoteGlobalIDString = ECD625E629A685F7003E2FF7;
			remoteInfo = "Products-App";
		};
		ECD6260229A685F8003E2FF7 /* PBXContainerItemProxy */ = {
			isa = PBXContainerItemProxy;
			containerPortal = ECD625DF29A685F7003E2FF7 /* Project object */;
			proxyType = 1;
			remoteGlobalIDString = ECD625E629A685F7003E2FF7;
			remoteInfo = "Products-App";
		};
/* End PBXContainerItemProxy section */

/* Begin PBXFileReference section */
		02DE703C3F673E04BC9F1452 /* Pods-Products-App-Products-AppUITests.debug.xcconfig */ = {isa = PBXFileReference; includeInIndex = 1; lastKnownFileType = text.xcconfig; name = "Pods-Products-App-Products-AppUITests.debug.xcconfig"; path = "Target Support Files/Pods-Products-App-Products-AppUITests/Pods-Products-App-Products-AppUITests.debug.xcconfig"; sourceTree = "<group>"; };
		0D187F62AC0B2E4E399283C9 /* Pods-Products-AppTests.debug.xcconfig */ = {isa = PBXFileReference; includeInIndex = 1; lastKnownFileType = text.xcconfig; name = "Pods-Products-AppTests.debug.xcconfig"; path = "Target Support Files/Pods-Products-AppTests/Pods-Products-AppTests.debug.xcconfig"; sourceTree = "<group>"; };
		1949E3BB8FD47CB42D066A61 /* Pods-Products-App.release.xcconfig */ = {isa = PBXFileReference; includeInIndex = 1; lastKnownFileType = text.xcconfig; name = "Pods-Products-App.release.xcconfig"; path = "Target Support Files/Pods-Products-App/Pods-Products-App.release.xcconfig"; sourceTree = "<group>"; };
		1B7437F9C6E7CBB8B36DA3C7 /* Pods-Products-App-Products-AppUITests.release.xcconfig */ = {isa = PBXFileReference; includeInIndex = 1; lastKnownFileType = text.xcconfig; name = "Pods-Products-App-Products-AppUITests.release.xcconfig"; path = "Target Support Files/Pods-Products-App-Products-AppUITests/Pods-Products-App-Products-AppUITests.release.xcconfig"; sourceTree = "<group>"; };
		26A8BB52B8315D03B0BF9192 /* Pods-Products-AppUITests.debug.xcconfig */ = {isa = PBXFileReference; includeInIndex = 1; lastKnownFileType = text.xcconfig; name = "Pods-Products-AppUITests.debug.xcconfig"; path = "Target Support Files/Pods-Products-AppUITests/Pods-Products-AppUITests.debug.xcconfig"; sourceTree = "<group>"; };
		4613CD5D57ED247D74F7817D /* Pods-Products-AppUITests.release.xcconfig */ = {isa = PBXFileReference; includeInIndex = 1; lastKnownFileType = text.xcconfig; name = "Pods-Products-AppUITests.release.xcconfig"; path = "Target Support Files/Pods-Products-AppUITests/Pods-Products-AppUITests.release.xcconfig"; sourceTree = "<group>"; };
		56658B673148042E1B73DF2A /* Pods_Products_App.framework */ = {isa = PBXFileReference; explicitFileType = wrapper.framework; includeInIndex = 0; path = Pods_Products_App.framework; sourceTree = BUILT_PRODUCTS_DIR; };
		8822339376BC53D50F160D45 /* Pods_Products_App_Products_AppUITests.framework */ = {isa = PBXFileReference; explicitFileType = wrapper.framework; includeInIndex = 0; path = Pods_Products_App_Products_AppUITests.framework; sourceTree = BUILT_PRODUCTS_DIR; };
		AD4D1250AE66B0085FC899B5 /* Pods_Products_AppTests.framework */ = {isa = PBXFileReference; explicitFileType = wrapper.framework; includeInIndex = 0; path = Pods_Products_AppTests.framework; sourceTree = BUILT_PRODUCTS_DIR; };
		E4960BAD59D7B3A98DECAFA0 /* Pods-Products-AppTests.release.xcconfig */ = {isa = PBXFileReference; includeInIndex = 1; lastKnownFileType = text.xcconfig; name = "Pods-Products-AppTests.release.xcconfig"; path = "Target Support Files/Pods-Products-AppTests/Pods-Products-AppTests.release.xcconfig"; sourceTree = "<group>"; };
		EC4C93FE29A7615600B81093 /* Launch Screen.storyboard */ = {isa = PBXFileReference; lastKnownFileType = file.storyboard; path = "Launch Screen.storyboard"; sourceTree = "<group>"; };
		ECC49D5729A6A458004D2F7B /* ProductDetailView.swift */ = {isa = PBXFileReference; lastKnownFileType = sourcecode.swift; path = ProductDetailView.swift; sourceTree = "<group>"; };
		ECC49D5A29A6A483004D2F7B /* ProductsView.swift */ = {isa = PBXFileReference; lastKnownFileType = sourcecode.swift; path = ProductsView.swift; sourceTree = "<group>"; };
		ECC49D5D29A6A4E3004D2F7B /* Structs.swift */ = {isa = PBXFileReference; lastKnownFileType = sourcecode.swift; path = Structs.swift; sourceTree = "<group>"; };
		ECC49D6029A6A684004D2F7B /* ProductDetailManager.swift */ = {isa = PBXFileReference; lastKnownFileType = sourcecode.swift; path = ProductDetailManager.swift; sourceTree = "<group>"; };
		ECC49D6529A7471A004D2F7B /* NetworkManager.swift */ = {isa = PBXFileReference; lastKnownFileType = sourcecode.swift; path = NetworkManager.swift; sourceTree = "<group>"; };
		ECC49D6829A748A3004D2F7B /* NetworkAPI.swift */ = {isa = PBXFileReference; lastKnownFileType = sourcecode.swift; path = NetworkAPI.swift; sourceTree = "<group>"; };
		ECC49D6B29A74D48004D2F7B /* MainError.swift */ = {isa = PBXFileReference; lastKnownFileType = sourcecode.swift; path = MainError.swift; sourceTree = "<group>"; };
		ECC49D7429A74F74004D2F7B /* ProductsList.swift */ = {isa = PBXFileReference; lastKnownFileType = sourcecode.swift; path = ProductsList.swift; sourceTree = "<group>"; };
		ECC49D7629A7500F004D2F7B /* MainImage.swift */ = {isa = PBXFileReference; lastKnownFileType = sourcecode.swift; path = MainImage.swift; sourceTree = "<group>"; };
		ECC49D7A29A751FC004D2F7B /* ProductsNavigationLink.swift */ = {isa = PBXFileReference; lastKnownFileType = sourcecode.swift; path = ProductsNavigationLink.swift; sourceTree = "<group>"; };
		ECC49D7C29A753D4004D2F7B /* ProductDetail.swift */ = {isa = PBXFileReference; lastKnownFileType = sourcecode.swift; path = ProductDetail.swift; sourceTree = "<group>"; };
		ECD625E729A685F7003E2FF7 /* Products-App.app */ = {isa = PBXFileReference; explicitFileType = wrapper.application; includeInIndex = 0; path = "Products-App.app"; sourceTree = BUILT_PRODUCTS_DIR; };
		ECD625EA29A685F7003E2FF7 /* Products_AppApp.swift */ = {isa = PBXFileReference; lastKnownFileType = sourcecode.swift; path = Products_AppApp.swift; sourceTree = "<group>"; };
		ECD625EC29A685F7003E2FF7 /* ContentView.swift */ = {isa = PBXFileReference; lastKnownFileType = sourcecode.swift; path = ContentView.swift; sourceTree = "<group>"; };
		ECD625EE29A685F8003E2FF7 /* Assets.xcassets */ = {isa = PBXFileReference; lastKnownFileType = folder.assetcatalog; path = Assets.xcassets; sourceTree = "<group>"; };
		ECD625F129A685F8003E2FF7 /* Preview Assets.xcassets */ = {isa = PBXFileReference; lastKnownFileType = folder.assetcatalog; path = "Preview Assets.xcassets"; sourceTree = "<group>"; };
		ECD625F729A685F8003E2FF7 /* Products-AppTests.xctest */ = {isa = PBXFileReference; explicitFileType = wrapper.cfbundle; includeInIndex = 0; path = "Products-AppTests.xctest"; sourceTree = BUILT_PRODUCTS_DIR; };
		ECD625FB29A685F8003E2FF7 /* Products_AppTests.swift */ = {isa = PBXFileReference; lastKnownFileType = sourcecode.swift; path = Products_AppTests.swift; sourceTree = "<group>"; };
		ECD6260129A685F8003E2FF7 /* Products-AppUITests.xctest */ = {isa = PBXFileReference; explicitFileType = wrapper.cfbundle; includeInIndex = 0; path = "Products-AppUITests.xctest"; sourceTree = BUILT_PRODUCTS_DIR; };
		ECD6260529A685F8003E2FF7 /* Products_AppUITests.swift */ = {isa = PBXFileReference; lastKnownFileType = sourcecode.swift; path = Products_AppUITests.swift; sourceTree = "<group>"; };
		ECD6260729A685F8003E2FF7 /* Products_AppUITestsLaunchTests.swift */ = {isa = PBXFileReference; lastKnownFileType = sourcecode.swift; path = Products_AppUITestsLaunchTests.swift; sourceTree = "<group>"; };
		ECD6261729A6902C003E2FF7 /* MainView.swift */ = {isa = PBXFileReference; lastKnownFileType = sourcecode.swift; path = MainView.swift; sourceTree = "<group>"; };
		ECD6261A29A69185003E2FF7 /* ProductsManager.swift */ = {isa = PBXFileReference; lastKnownFileType = sourcecode.swift; path = ProductsManager.swift; sourceTree = "<group>"; };
		FF3FB10A5A775D3CEB220A33 /* Pods-Products-App.debug.xcconfig */ = {isa = PBXFileReference; includeInIndex = 1; lastKnownFileType = text.xcconfig; name = "Pods-Products-App.debug.xcconfig"; path = "Target Support Files/Pods-Products-App/Pods-Products-App.debug.xcconfig"; sourceTree = "<group>"; };
/* End PBXFileReference section */

/* Begin PBXFrameworksBuildPhase section */
		ECD625E429A685F7003E2FF7 /* Frameworks */ = {
			isa = PBXFrameworksBuildPhase;
			buildActionMask = 2147483647;
			files = (
				A5F9802513E398923802515C /* Pods_Products_App.framework in Frameworks */,
			);
			runOnlyForDeploymentPostprocessing = 0;
		};
		ECD625F429A685F8003E2FF7 /* Frameworks */ = {
			isa = PBXFrameworksBuildPhase;
			buildActionMask = 2147483647;
			files = (
				52ABFA7B1CBBD7E980B5B12E /* Pods_Products_AppTests.framework in Frameworks */,
			);
			runOnlyForDeploymentPostprocessing = 0;
		};
		ECD625FE29A685F8003E2FF7 /* Frameworks */ = {
			isa = PBXFrameworksBuildPhase;
			buildActionMask = 2147483647;
			files = (
				DEEF6840415860DCEFFDA466 /* Pods_Products_App_Products_AppUITests.framework in Frameworks */,
			);
			runOnlyForDeploymentPostprocessing = 0;
		};
/* End PBXFrameworksBuildPhase section */

/* Begin PBXGroup section */
		6F6DB7CC28046B4A7A12F758 /* Pods */ = {
			isa = PBXGroup;
			children = (
				FF3FB10A5A775D3CEB220A33 /* Pods-Products-App.debug.xcconfig */,
				1949E3BB8FD47CB42D066A61 /* Pods-Products-App.release.xcconfig */,
				02DE703C3F673E04BC9F1452 /* Pods-Products-App-Products-AppUITests.debug.xcconfig */,
				1B7437F9C6E7CBB8B36DA3C7 /* Pods-Products-App-Products-AppUITests.release.xcconfig */,
				0D187F62AC0B2E4E399283C9 /* Pods-Products-AppTests.debug.xcconfig */,
				E4960BAD59D7B3A98DECAFA0 /* Pods-Products-AppTests.release.xcconfig */,
				26A8BB52B8315D03B0BF9192 /* Pods-Products-AppUITests.debug.xcconfig */,
				4613CD5D57ED247D74F7817D /* Pods-Products-AppUITests.release.xcconfig */,
			);
			path = Pods;
			sourceTree = "<group>";
		};
		8453A06AC804A37F2630FB9D /* Frameworks */ = {
			isa = PBXGroup;
			children = (
				56658B673148042E1B73DF2A /* Pods_Products_App.framework */,
				AD4D1250AE66B0085FC899B5 /* Pods_Products_AppTests.framework */,
				8822339376BC53D50F160D45 /* Pods_Products_App_Products_AppUITests.framework */,
			);
			name = Frameworks;
			sourceTree = "<group>";
		};
		ECC49D5629A6A425004D2F7B /* ProductDetailViews */ = {
			isa = PBXGroup;
			children = (
				ECC49D5729A6A458004D2F7B /* ProductDetailView.swift */,
			);
			path = ProductDetailViews;
			sourceTree = "<group>";
		};
		ECC49D5929A6A46E004D2F7B /* ProductViews */ = {
			isa = PBXGroup;
			children = (
				ECC49D5A29A6A483004D2F7B /* ProductsView.swift */,
			);
			path = ProductViews;
			sourceTree = "<group>";
		};
		ECC49D5C29A6A4D5004D2F7B /* Globals */ = {
			isa = PBXGroup;
			children = (
				ECC49D5D29A6A4E3004D2F7B /* Structs.swift */,
			);
			path = Globals;
			sourceTree = "<group>";
		};
		ECC49D6729A74890004D2F7B /* Network */ = {
			isa = PBXGroup;
			children = (
				ECC49D6829A748A3004D2F7B /* NetworkAPI.swift */,
				ECC49D6529A7471A004D2F7B /* NetworkManager.swift */,
			);
			path = Network;
			sourceTree = "<group>";
		};
		ECC49D6A29A74D37004D2F7B /* Components */ = {
			isa = PBXGroup;
			children = (
				ECC49D6E29A74E95004D2F7B /* MainComponents */,
			);
			path = Components;
			sourceTree = "<group>";
		};
		ECC49D6E29A74E95004D2F7B /* MainComponents */ = {
			isa = PBXGroup;
			children = (
				ECC49D6B29A74D48004D2F7B /* MainError.swift */,
				ECC49D7629A7500F004D2F7B /* MainImage.swift */,
				ECC49D7229A74F2E004D2F7B /* ProductComponents */,
				ECC49D7329A74F3D004D2F7B /* ProductDetailComponents */,
			);
			path = MainComponents;
			sourceTree = "<group>";
		};
		ECC49D6F29A74EE3004D2F7B /* MainManagers */ = {
			isa = PBXGroup;
			children = (
				ECC49D7129A74EFD004D2F7B /* ProductDetailManager */,
				ECC49D7029A74EEE004D2F7B /* ProductsManager */,
			);
			path = MainManagers;
			sourceTree = "<group>";
		};
		ECC49D7029A74EEE004D2F7B /* ProductsManager */ = {
			isa = PBXGroup;
			children = (
				ECD6261A29A69185003E2FF7 /* ProductsManager.swift */,
			);
			path = ProductsManager;
			sourceTree = "<group>";
		};
		ECC49D7129A74EFD004D2F7B /* ProductDetailManager */ = {
			isa = PBXGroup;
			children = (
				ECC49D6029A6A684004D2F7B /* ProductDetailManager.swift */,
			);
			path = ProductDetailManager;
			sourceTree = "<group>";
		};
		ECC49D7229A74F2E004D2F7B /* ProductComponents */ = {
			isa = PBXGroup;
			children = (
				ECC49D7429A74F74004D2F7B /* ProductsList.swift */,
				ECC49D7A29A751FC004D2F7B /* ProductsNavigationLink.swift */,
			);
			path = ProductComponents;
			sourceTree = "<group>";
		};
		ECC49D7329A74F3D004D2F7B /* ProductDetailComponents */ = {
			isa = PBXGroup;
			children = (
				ECC49D7C29A753D4004D2F7B /* ProductDetail.swift */,
			);
			path = ProductDetailComponents;
			sourceTree = "<group>";
		};
		ECD625DE29A685F7003E2FF7 = {
			isa = PBXGroup;
			children = (
				ECD625E929A685F7003E2FF7 /* Products-App */,
				ECD625FA29A685F8003E2FF7 /* Products-AppTests */,
				ECD6260429A685F8003E2FF7 /* Products-AppUITests */,
				ECD625E829A685F7003E2FF7 /* Products */,
				6F6DB7CC28046B4A7A12F758 /* Pods */,
				8453A06AC804A37F2630FB9D /* Frameworks */,
			);
			sourceTree = "<group>";
		};
		ECD625E829A685F7003E2FF7 /* Products */ = {
			isa = PBXGroup;
			children = (
				ECD625E729A685F7003E2FF7 /* Products-App.app */,
				ECD625F729A685F8003E2FF7 /* Products-AppTests.xctest */,
				ECD6260129A685F8003E2FF7 /* Products-AppUITests.xctest */,
			);
			name = Products;
			sourceTree = "<group>";
		};
		ECD625E929A685F7003E2FF7 /* Products-App */ = {
			isa = PBXGroup;
			children = (
				ECD6261429A68FCA003E2FF7 /* App */,
				ECC49D6A29A74D37004D2F7B /* Components */,
				ECC49D5C29A6A4D5004D2F7B /* Globals */,
				ECD6261929A6915C003E2FF7 /* Managers */,
				ECC49D6729A74890004D2F7B /* Network */,
				ECD625F029A685F8003E2FF7 /* Preview Content */,
				ECD6261529A68FDF003E2FF7 /* Views */,
			);
			path = "Products-App";
			sourceTree = "<group>";
		};
		ECD625F029A685F8003E2FF7 /* Preview Content */ = {
			isa = PBXGroup;
			children = (
				ECD625F129A685F8003E2FF7 /* Preview Assets.xcassets */,
			);
			path = "Preview Content";
			sourceTree = "<group>";
		};
		ECD625FA29A685F8003E2FF7 /* Products-AppTests */ = {
			isa = PBXGroup;
			children = (
				ECD625FB29A685F8003E2FF7 /* Products_AppTests.swift */,
			);
			path = "Products-AppTests";
			sourceTree = "<group>";
		};
		ECD6260429A685F8003E2FF7 /* Products-AppUITests */ = {
			isa = PBXGroup;
			children = (
				ECD6260529A685F8003E2FF7 /* Products_AppUITests.swift */,
				ECD6260729A685F8003E2FF7 /* Products_AppUITestsLaunchTests.swift */,
			);
			path = "Products-AppUITests";
			sourceTree = "<group>";
		};
		ECD6261429A68FCA003E2FF7 /* App */ = {
			isa = PBXGroup;
			children = (
				ECD625EA29A685F7003E2FF7 /* Products_AppApp.swift */,
				ECD625EE29A685F8003E2FF7 /* Assets.xcassets */,
				EC4C93FE29A7615600B81093 /* Launch Screen.storyboard */,
			);
			path = App;
			sourceTree = "<group>";
		};
		ECD6261529A68FDF003E2FF7 /* Views */ = {
			isa = PBXGroup;
			children = (
				ECD625EC29A685F7003E2FF7 /* ContentView.swift */,
				ECD6261629A6901F003E2FF7 /* MainViews */,
			);
			path = Views;
			sourceTree = "<group>";
		};
		ECD6261629A6901F003E2FF7 /* MainViews */ = {
			isa = PBXGroup;
			children = (
				ECD6261729A6902C003E2FF7 /* MainView.swift */,
				ECC49D5629A6A425004D2F7B /* ProductDetailViews */,
				ECC49D5929A6A46E004D2F7B /* ProductViews */,
			);
			path = MainViews;
			sourceTree = "<group>";
		};
		ECD6261929A6915C003E2FF7 /* Managers */ = {
			isa = PBXGroup;
			children = (
				ECC49D6F29A74EE3004D2F7B /* MainManagers */,
			);
			path = Managers;
			sourceTree = "<group>";
		};
/* End PBXGroup section */

/* Begin PBXNativeTarget section */
		ECD625E629A685F7003E2FF7 /* Products-App */ = {
			isa = PBXNativeTarget;
			buildConfigurationList = ECD6260B29A685F8003E2FF7 /* Build configuration list for PBXNativeTarget "Products-App" */;
			buildPhases = (
				ADC5A5705764D1DB6A2F5E87 /* [CP] Check Pods Manifest.lock */,
				ECD625E329A685F7003E2FF7 /* Sources */,
				ECD625E429A685F7003E2FF7 /* Frameworks */,
				ECD625E529A685F7003E2FF7 /* Resources */,
				D23A3754BC8B016DB091731A /* [CP] Embed Pods Frameworks */,
			);
			buildRules = (
			);
			dependencies = (
			);
			name = "Products-App";
			productName = "Products-App";
			productReference = ECD625E729A685F7003E2FF7 /* Products-App.app */;
			productType = "com.apple.product-type.application";
		};
		ECD625F629A685F8003E2FF7 /* Products-AppTests */ = {
			isa = PBXNativeTarget;
			buildConfigurationList = ECD6260E29A685F8003E2FF7 /* Build configuration list for PBXNativeTarget "Products-AppTests" */;
			buildPhases = (
				80B7848D1008ECA5539F29FD /* [CP] Check Pods Manifest.lock */,
				ECD625F329A685F8003E2FF7 /* Sources */,
				ECD625F429A685F8003E2FF7 /* Frameworks */,
				ECD625F529A685F8003E2FF7 /* Resources */,
			);
			buildRules = (
			);
			dependencies = (
				ECD625F929A685F8003E2FF7 /* PBXTargetDependency */,
			);
			name = "Products-AppTests";
			productName = "Products-AppTests";
			productReference = ECD625F729A685F8003E2FF7 /* Products-AppTests.xctest */;
			productType = "com.apple.product-type.bundle.unit-test";
		};
		ECD6260029A685F8003E2FF7 /* Products-AppUITests */ = {
			isa = PBXNativeTarget;
			buildConfigurationList = ECD6261129A685F8003E2FF7 /* Build configuration list for PBXNativeTarget "Products-AppUITests" */;
			buildPhases = (
				AF9C314275BC3FC7E8839685 /* [CP] Check Pods Manifest.lock */,
				ECD625FD29A685F8003E2FF7 /* Sources */,
				ECD625FE29A685F8003E2FF7 /* Frameworks */,
				ECD625FF29A685F8003E2FF7 /* Resources */,
				73D20C3D861C164095E39BEE /* [CP] Embed Pods Frameworks */,
			);
			buildRules = (
			);
			dependencies = (
				ECD6260329A685F8003E2FF7 /* PBXTargetDependency */,
			);
			name = "Products-AppUITests";
			productName = "Products-AppUITests";
			productReference = ECD6260129A685F8003E2FF7 /* Products-AppUITests.xctest */;
			productType = "com.apple.product-type.bundle.ui-testing";
		};
/* End PBXNativeTarget section */

/* Begin PBXProject section */
		ECD625DF29A685F7003E2FF7 /* Project object */ = {
			isa = PBXProject;
			attributes = {
				BuildIndependentTargetsInParallel = 1;
				LastSwiftUpdateCheck = 1420;
				LastUpgradeCheck = 1420;
				TargetAttributes = {
					ECD625E629A685F7003E2FF7 = {
						CreatedOnToolsVersion = 14.2;
					};
					ECD625F629A685F8003E2FF7 = {
						CreatedOnToolsVersion = 14.2;
						TestTargetID = ECD625E629A685F7003E2FF7;
					};
					ECD6260029A685F8003E2FF7 = {
						CreatedOnToolsVersion = 14.2;
						TestTargetID = ECD625E629A685F7003E2FF7;
					};
				};
			};
			buildConfigurationList = ECD625E229A685F7003E2FF7 /* Build configuration list for PBXProject "Products-App" */;
			compatibilityVersion = "Xcode 14.0";
			developmentRegion = en;
			hasScannedForEncodings = 0;
			knownRegions = (
				en,
				Base,
			);
			mainGroup = ECD625DE29A685F7003E2FF7;
			productRefGroup = ECD625E829A685F7003E2FF7 /* Products */;
			projectDirPath = "";
			projectRoot = "";
			targets = (
				ECD625E629A685F7003E2FF7 /* Products-App */,
				ECD625F629A685F8003E2FF7 /* Products-AppTests */,
				ECD6260029A685F8003E2FF7 /* Products-AppUITests */,
			);
		};
/* End PBXProject section */

/* Begin PBXResourcesBuildPhase section */
		ECD625E529A685F7003E2FF7 /* Resources */ = {
			isa = PBXResourcesBuildPhase;
			buildActionMask = 2147483647;
			files = (
				EC4C93FF29A7615600B81093 /* Launch Screen.storyboard in Resources */,
				ECD625F229A685F8003E2FF7 /* Preview Assets.xcassets in Resources */,
				ECD625EF29A685F8003E2FF7 /* Assets.xcassets in Resources */,
			);
			runOnlyForDeploymentPostprocessing = 0;
		};
		ECD625F529A685F8003E2FF7 /* Resources */ = {
			isa = PBXResourcesBuildPhase;
			buildActionMask = 2147483647;
			files = (
			);
			runOnlyForDeploymentPostprocessing = 0;
		};
		ECD625FF29A685F8003E2FF7 /* Resources */ = {
			isa = PBXResourcesBuildPhase;
			buildActionMask = 2147483647;
			files = (
			);
			runOnlyForDeploymentPostprocessing = 0;
		};
/* End PBXResourcesBuildPhase section */

/* Begin PBXShellScriptBuildPhase section */
		73D20C3D861C164095E39BEE /* [CP] Embed Pods Frameworks */ = {
			isa = PBXShellScriptBuildPhase;
			buildActionMask = 2147483647;
			files = (
			);
			inputFileListPaths = (
				"${PODS_ROOT}/Target Support Files/Pods-Products-App-Products-AppUITests/Pods-Products-App-Products-AppUITests-frameworks-${CONFIGURATION}-input-files.xcfilelist",
			);
			name = "[CP] Embed Pods Frameworks";
			outputFileListPaths = (
				"${PODS_ROOT}/Target Support Files/Pods-Products-App-Products-AppUITests/Pods-Products-App-Products-AppUITests-frameworks-${CONFIGURATION}-output-files.xcfilelist",
			);
			runOnlyForDeploymentPostprocessing = 0;
			shellPath = /bin/sh;
			shellScript = "\"${PODS_ROOT}/Target Support Files/Pods-Products-App-Products-AppUITests/Pods-Products-App-Products-AppUITests-frameworks.sh\"\n";
			showEnvVarsInLog = 0;
		};
		80B7848D1008ECA5539F29FD /* [CP] Check Pods Manifest.lock */ = {
			isa = PBXShellScriptBuildPhase;
			buildActionMask = 2147483647;
			files = (
			);
			inputFileListPaths = (
			);
			inputPaths = (
				"${PODS_PODFILE_DIR_PATH}/Podfile.lock",
				"${PODS_ROOT}/Manifest.lock",
			);
			name = "[CP] Check Pods Manifest.lock";
			outputFileListPaths = (
			);
			outputPaths = (
				"$(DERIVED_FILE_DIR)/Pods-Products-AppTests-checkManifestLockResult.txt",
			);
			runOnlyForDeploymentPostprocessing = 0;
			shellPath = /bin/sh;
			shellScript = "diff \"${PODS_PODFILE_DIR_PATH}/Podfile.lock\" \"${PODS_ROOT}/Manifest.lock\" > /dev/null\nif [ $? != 0 ] ; then\n    # print error to STDERR\n    echo \"error: The sandbox is not in sync with the Podfile.lock. Run 'pod install' or update your CocoaPods installation.\" >&2\n    exit 1\nfi\n# This output is used by Xcode 'outputs' to avoid re-running this script phase.\necho \"SUCCESS\" > \"${SCRIPT_OUTPUT_FILE_0}\"\n";
			showEnvVarsInLog = 0;
		};
		ADC5A5705764D1DB6A2F5E87 /* [CP] Check Pods Manifest.lock */ = {
			isa = PBXShellScriptBuildPhase;
			buildActionMask = 2147483647;
			files = (
			);
			inputFileListPaths = (
			);
			inputPaths = (
				"${PODS_PODFILE_DIR_PATH}/Podfile.lock",
				"${PODS_ROOT}/Manifest.lock",
			);
			name = "[CP] Check Pods Manifest.lock";
			outputFileListPaths = (
			);
			outputPaths = (
				"$(DERIVED_FILE_DIR)/Pods-Products-App-checkManifestLockResult.txt",
			);
			runOnlyForDeploymentPostprocessing = 0;
			shellPath = /bin/sh;
			shellScript = "diff \"${PODS_PODFILE_DIR_PATH}/Podfile.lock\" \"${PODS_ROOT}/Manifest.lock\" > /dev/null\nif [ $? != 0 ] ; then\n    # print error to STDERR\n    echo \"error: The sandbox is not in sync with the Podfile.lock. Run 'pod install' or update your CocoaPods installation.\" >&2\n    exit 1\nfi\n# This output is used by Xcode 'outputs' to avoid re-running this script phase.\necho \"SUCCESS\" > \"${SCRIPT_OUTPUT_FILE_0}\"\n";
			showEnvVarsInLog = 0;
		};
		AF9C314275BC3FC7E8839685 /* [CP] Check Pods Manifest.lock */ = {
			isa = PBXShellScriptBuildPhase;
			buildActionMask = 2147483647;
			files = (
			);
			inputFileListPaths = (
			);
			inputPaths = (
				"${PODS_PODFILE_DIR_PATH}/Podfile.lock",
				"${PODS_ROOT}/Manifest.lock",
			);
			name = "[CP] Check Pods Manifest.lock";
			outputFileListPaths = (
			);
			outputPaths = (
				"$(DERIVED_FILE_DIR)/Pods-Products-App-Products-AppUITests-checkManifestLockResult.txt",
			);
			runOnlyForDeploymentPostprocessing = 0;
			shellPath = /bin/sh;
			shellScript = "diff \"${PODS_PODFILE_DIR_PATH}/Podfile.lock\" \"${PODS_ROOT}/Manifest.lock\" > /dev/null\nif [ $? != 0 ] ; then\n    # print error to STDERR\n    echo \"error: The sandbox is not in sync with the Podfile.lock. Run 'pod install' or update your CocoaPods installation.\" >&2\n    exit 1\nfi\n# This output is used by Xcode 'outputs' to avoid re-running this script phase.\necho \"SUCCESS\" > \"${SCRIPT_OUTPUT_FILE_0}\"\n";
			showEnvVarsInLog = 0;
		};
		D23A3754BC8B016DB091731A /* [CP] Embed Pods Frameworks */ = {
			isa = PBXShellScriptBuildPhase;
			buildActionMask = 2147483647;
			files = (
			);
			inputFileListPaths = (
				"${PODS_ROOT}/Target Support Files/Pods-Products-App/Pods-Products-App-frameworks-${CONFIGURATION}-input-files.xcfilelist",
			);
			name = "[CP] Embed Pods Frameworks";
			outputFileListPaths = (
				"${PODS_ROOT}/Target Support Files/Pods-Products-App/Pods-Products-App-frameworks-${CONFIGURATION}-output-files.xcfilelist",
			);
			runOnlyForDeploymentPostprocessing = 0;
			shellPath = /bin/sh;
			shellScript = "\"${PODS_ROOT}/Target Support Files/Pods-Products-App/Pods-Products-App-frameworks.sh\"\n";
			showEnvVarsInLog = 0;
		};
/* End PBXShellScriptBuildPhase section */

/* Begin PBXSourcesBuildPhase section */
		ECD625E329A685F7003E2FF7 /* Sources */ = {
			isa = PBXSourcesBuildPhase;
			buildActionMask = 2147483647;
			files = (
				ECC49D6629A7471A004D2F7B /* NetworkManager.swift in Sources */,
				ECC49D7B29A751FC004D2F7B /* ProductsNavigationLink.swift in Sources */,
				ECC49D6929A748A3004D2F7B /* NetworkAPI.swift in Sources */,
				ECD6261B29A69185003E2FF7 /* ProductsManager.swift in Sources */,
				ECC49D6C29A74D48004D2F7B /* MainError.swift in Sources */,
				ECC49D5829A6A458004D2F7B /* ProductDetailView.swift in Sources */,
				ECC49D7529A74F74004D2F7B /* ProductsList.swift in Sources */,
				ECD625ED29A685F7003E2FF7 /* ContentView.swift in Sources */,
				ECC49D5E29A6A4E3004D2F7B /* Structs.swift in Sources */,
				ECC49D6129A6A684004D2F7B /* ProductDetailManager.swift in Sources */,
				ECD6261829A6902C003E2FF7 /* MainView.swift in Sources */,
				ECC49D7D29A753D4004D2F7B /* ProductDetail.swift in Sources */,
				ECC49D5B29A6A483004D2F7B /* ProductsView.swift in Sources */,
				ECD625EB29A685F7003E2FF7 /* Products_AppApp.swift in Sources */,
				ECC49D7729A7500F004D2F7B /* MainImage.swift in Sources */,
			);
			runOnlyForDeploymentPostprocessing = 0;
		};
		ECD625F329A685F8003E2FF7 /* Sources */ = {
			isa = PBXSourcesBuildPhase;
			buildActionMask = 2147483647;
			files = (
				ECD625FC29A685F8003E2FF7 /* Products_AppTests.swift in Sources */,
			);
			runOnlyForDeploymentPostprocessing = 0;
		};
		ECD625FD29A685F8003E2FF7 /* Sources */ = {
			isa = PBXSourcesBuildPhase;
			buildActionMask = 2147483647;
			files = (
				ECD6260829A685F8003E2FF7 /* Products_AppUITestsLaunchTests.swift in Sources */,
				ECD6260629A685F8003E2FF7 /* Products_AppUITests.swift in Sources */,
			);
			runOnlyForDeploymentPostprocessing = 0;
		};
/* End PBXSourcesBuildPhase section */

/* Begin PBXTargetDependency section */
		ECD625F929A685F8003E2FF7 /* PBXTargetDependency */ = {
			isa = PBXTargetDependency;
			target = ECD625E629A685F7003E2FF7 /* Products-App */;
			targetProxy = ECD625F829A685F8003E2FF7 /* PBXContainerItemProxy */;
		};
		ECD6260329A685F8003E2FF7 /* PBXTargetDependency */ = {
			isa = PBXTargetDependency;
			target = ECD625E629A685F7003E2FF7 /* Products-App */;
			targetProxy = ECD6260229A685F8003E2FF7 /* PBXContainerItemProxy */;
		};
/* End PBXTargetDependency section */

/* Begin XCBuildConfiguration section */
		ECD6260929A685F8003E2FF7 /* Debug */ = {
			isa = XCBuildConfiguration;
			buildSettings = {
				ALWAYS_SEARCH_USER_PATHS = NO;
				CLANG_ANALYZER_NONNULL = YES;
				CLANG_ANALYZER_NUMBER_OBJECT_CONVERSION = YES_AGGRESSIVE;
				CLANG_CXX_LANGUAGE_STANDARD = "gnu++20";
				CLANG_ENABLE_MODULES = YES;
				CLANG_ENABLE_OBJC_ARC = YES;
				CLANG_ENABLE_OBJC_WEAK = YES;
				CLANG_WARN_BLOCK_CAPTURE_AUTORELEASING = YES;
				CLANG_WARN_BOOL_CONVERSION = YES;
				CLANG_WARN_COMMA = YES;
				CLANG_WARN_CONSTANT_CONVERSION = YES;
				CLANG_WARN_DEPRECATED_OBJC_IMPLEMENTATIONS = YES;
				CLANG_WARN_DIRECT_OBJC_ISA_USAGE = YES_ERROR;
				CLANG_WARN_DOCUMENTATION_COMMENTS = YES;
				CLANG_WARN_EMPTY_BODY = YES;
				CLANG_WARN_ENUM_CONVERSION = YES;
				CLANG_WARN_INFINITE_RECURSION = YES;
				CLANG_WARN_INT_CONVERSION = YES;
				CLANG_WARN_NON_LITERAL_NULL_CONVERSION = YES;
				CLANG_WARN_OBJC_IMPLICIT_RETAIN_SELF = YES;
				CLANG_WARN_OBJC_LITERAL_CONVERSION = YES;
				CLANG_WARN_OBJC_ROOT_CLASS = YES_ERROR;
				CLANG_WARN_QUOTED_INCLUDE_IN_FRAMEWORK_HEADER = YES;
				CLANG_WARN_RANGE_LOOP_ANALYSIS = YES;
				CLANG_WARN_STRICT_PROTOTYPES = YES;
				CLANG_WARN_SUSPICIOUS_MOVE = YES;
				CLANG_WARN_UNGUARDED_AVAILABILITY = YES_AGGRESSIVE;
				CLANG_WARN_UNREACHABLE_CODE = YES;
				CLANG_WARN__DUPLICATE_METHOD_MATCH = YES;
				COPY_PHASE_STRIP = NO;
				DEBUG_INFORMATION_FORMAT = dwarf;
				ENABLE_STRICT_OBJC_MSGSEND = YES;
				ENABLE_TESTABILITY = YES;
				GCC_C_LANGUAGE_STANDARD = gnu11;
				GCC_DYNAMIC_NO_PIC = NO;
				GCC_NO_COMMON_BLOCKS = YES;
				GCC_OPTIMIZATION_LEVEL = 0;
				GCC_PREPROCESSOR_DEFINITIONS = (
					"DEBUG=1",
					"$(inherited)",
				);
				GCC_WARN_64_TO_32_BIT_CONVERSION = YES;
				GCC_WARN_ABOUT_RETURN_TYPE = YES_ERROR;
				GCC_WARN_UNDECLARED_SELECTOR = YES;
				GCC_WARN_UNINITIALIZED_AUTOS = YES_AGGRESSIVE;
				GCC_WARN_UNUSED_FUNCTION = YES;
				GCC_WARN_UNUSED_VARIABLE = YES;
				IPHONEOS_DEPLOYMENT_TARGET = 16.2;
				MTL_ENABLE_DEBUG_INFO = INCLUDE_SOURCE;
				MTL_FAST_MATH = YES;
				ONLY_ACTIVE_ARCH = YES;
				SDKROOT = iphoneos;
				SWIFT_ACTIVE_COMPILATION_CONDITIONS = DEBUG;
				SWIFT_OPTIMIZATION_LEVEL = "-Onone";
			};
			name = Debug;
		};
		ECD6260A29A685F8003E2FF7 /* Release */ = {
			isa = XCBuildConfiguration;
			buildSettings = {
				ALWAYS_SEARCH_USER_PATHS = NO;
				CLANG_ANALYZER_NONNULL = YES;
				CLANG_ANALYZER_NUMBER_OBJECT_CONVERSION = YES_AGGRESSIVE;
				CLANG_CXX_LANGUAGE_STANDARD = "gnu++20";
				CLANG_ENABLE_MODULES = YES;
				CLANG_ENABLE_OBJC_ARC = YES;
				CLANG_ENABLE_OBJC_WEAK = YES;
				CLANG_WARN_BLOCK_CAPTURE_AUTORELEASING = YES;
				CLANG_WARN_BOOL_CONVERSION = YES;
				CLANG_WARN_COMMA = YES;
				CLANG_WARN_CONSTANT_CONVERSION = YES;
				CLANG_WARN_DEPRECATED_OBJC_IMPLEMENTATIONS = YES;
				CLANG_WARN_DIRECT_OBJC_ISA_USAGE = YES_ERROR;
				CLANG_WARN_DOCUMENTATION_COMMENTS = YES;
				CLANG_WARN_EMPTY_BODY = YES;
				CLANG_WARN_ENUM_CONVERSION = YES;
				CLANG_WARN_INFINITE_RECURSION = YES;
				CLANG_WARN_INT_CONVERSION = YES;
				CLANG_WARN_NON_LITERAL_NULL_CONVERSION = YES;
				CLANG_WARN_OBJC_IMPLICIT_RETAIN_SELF = YES;
				CLANG_WARN_OBJC_LITERAL_CONVERSION = YES;
				CLANG_WARN_OBJC_ROOT_CLASS = YES_ERROR;
				CLANG_WARN_QUOTED_INCLUDE_IN_FRAMEWORK_HEADER = YES;
				CLANG_WARN_RANGE_LOOP_ANALYSIS = YES;
				CLANG_WARN_STRICT_PROTOTYPES = YES;
				CLANG_WARN_SUSPICIOUS_MOVE = YES;
				CLANG_WARN_UNGUARDED_AVAILABILITY = YES_AGGRESSIVE;
				CLANG_WARN_UNREACHABLE_CODE = YES;
				CLANG_WARN__DUPLICATE_METHOD_MATCH = YES;
				COPY_PHASE_STRIP = NO;
				DEBUG_INFORMATION_FORMAT = "dwarf-with-dsym";
				ENABLE_NS_ASSERTIONS = NO;
				ENABLE_STRICT_OBJC_MSGSEND = YES;
				GCC_C_LANGUAGE_STANDARD = gnu11;
				GCC_NO_COMMON_BLOCKS = YES;
				GCC_WARN_64_TO_32_BIT_CONVERSION = YES;
				GCC_WARN_ABOUT_RETURN_TYPE = YES_ERROR;
				GCC_WARN_UNDECLARED_SELECTOR = YES;
				GCC_WARN_UNINITIALIZED_AUTOS = YES_AGGRESSIVE;
				GCC_WARN_UNUSED_FUNCTION = YES;
				GCC_WARN_UNUSED_VARIABLE = YES;
				IPHONEOS_DEPLOYMENT_TARGET = 16.2;
				MTL_ENABLE_DEBUG_INFO = NO;
				MTL_FAST_MATH = YES;
				SDKROOT = iphoneos;
				SWIFT_COMPILATION_MODE = wholemodule;
				SWIFT_OPTIMIZATION_LEVEL = "-O";
				VALIDATE_PRODUCT = YES;
			};
			name = Release;
		};
		ECD6260C29A685F8003E2FF7 /* Debug */ = {
			isa = XCBuildConfiguration;
			baseConfigurationReference = FF3FB10A5A775D3CEB220A33 /* Pods-Products-App.debug.xcconfig */;
			buildSettings = {
				ASSETCATALOG_COMPILER_APPICON_NAME = AppIcon;
				ASSETCATALOG_COMPILER_GLOBAL_ACCENT_COLOR_NAME = AccentColor;
				CODE_SIGN_STYLE = Automatic;
				CURRENT_PROJECT_VERSION = 1;
				DEVELOPMENT_ASSET_PATHS = "\"Products-App/Preview Content\"";
				DEVELOPMENT_TEAM = WH2YKN549B;
				ENABLE_PREVIEWS = YES;
				GENERATE_INFOPLIST_FILE = YES;
				INFOPLIST_KEY_UIApplicationSceneManifest_Generation = YES;
				INFOPLIST_KEY_UIApplicationSupportsIndirectInputEvents = YES;
				INFOPLIST_KEY_UILaunchScreen_Generation = YES;
				INFOPLIST_KEY_UILaunchStoryboardName = "Launch Screen.storyboard";
				INFOPLIST_KEY_UISupportedInterfaceOrientations_iPad = "UIInterfaceOrientationPortrait UIInterfaceOrientationPortraitUpsideDown UIInterfaceOrientationLandscapeLeft UIInterfaceOrientationLandscapeRight";
				INFOPLIST_KEY_UISupportedInterfaceOrientations_iPhone = "UIInterfaceOrientationPortrait UIInterfaceOrientationLandscapeLeft UIInterfaceOrientationLandscapeRight";
				IPHONEOS_DEPLOYMENT_TARGET = 15.0;
				LD_RUNPATH_SEARCH_PATHS = (
					"$(inherited)",
					"@executable_path/Frameworks",
				);
				MARKETING_VERSION = 1.0;
				PRODUCT_BUNDLE_IDENTIFIER = "com.petomuro.Products-App";
				PRODUCT_NAME = "$(TARGET_NAME)";
				SWIFT_EMIT_LOC_STRINGS = YES;
				SWIFT_VERSION = 5.0;
				TARGETED_DEVICE_FAMILY = "1,2";
			};
			name = Debug;
		};
		ECD6260D29A685F8003E2FF7 /* Release */ = {
			isa = XCBuildConfiguration;
			baseConfigurationReference = 1949E3BB8FD47CB42D066A61 /* Pods-Products-App.release.xcconfig */;
			buildSettings = {
				ASSETCATALOG_COMPILER_APPICON_NAME = AppIcon;
				ASSETCATALOG_COMPILER_GLOBAL_ACCENT_COLOR_NAME = AccentColor;
				CODE_SIGN_STYLE = Automatic;
				CURRENT_PROJECT_VERSION = 1;
				DEVELOPMENT_ASSET_PATHS = "\"Products-App/Preview Content\"";
				DEVELOPMENT_TEAM = WH2YKN549B;
				ENABLE_PREVIEWS = YES;
				GENERATE_INFOPLIST_FILE = YES;
				INFOPLIST_KEY_UIApplicationSceneManifest_Generation = YES;
				INFOPLIST_KEY_UIApplicationSupportsIndirectInputEvents = YES;
				INFOPLIST_KEY_UILaunchScreen_Generation = YES;
				INFOPLIST_KEY_UILaunchStoryboardName = "Launch Screen.storyboard";
				INFOPLIST_KEY_UISupportedInterfaceOrientations_iPad = "UIInterfaceOrientationPortrait UIInterfaceOrientationPortraitUpsideDown UIInterfaceOrientationLandscapeLeft UIInterfaceOrientationLandscapeRight";
				INFOPLIST_KEY_UISupportedInterfaceOrientations_iPhone = "UIInterfaceOrientationPortrait UIInterfaceOrientationLandscapeLeft UIInterfaceOrientationLandscapeRight";
				IPHONEOS_DEPLOYMENT_TARGET = 15.0;
				LD_RUNPATH_SEARCH_PATHS = (
					"$(inherited)",
					"@executable_path/Frameworks",
				);
				MARKETING_VERSION = 1.0;
				PRODUCT_BUNDLE_IDENTIFIER = "com.petomuro.Products-App";
				PRODUCT_NAME = "$(TARGET_NAME)";
				SWIFT_EMIT_LOC_STRINGS = YES;
				SWIFT_VERSION = 5.0;
				TARGETED_DEVICE_FAMILY = "1,2";
			};
			name = Release;
		};
		ECD6260F29A685F8003E2FF7 /* Debug */ = {
			isa = XCBuildConfiguration;
			baseConfigurationReference = 0D187F62AC0B2E4E399283C9 /* Pods-Products-AppTests.debug.xcconfig */;
			buildSettings = {
				ALWAYS_EMBED_SWIFT_STANDARD_LIBRARIES = YES;
				BUNDLE_LOADER = "$(TEST_HOST)";
				CODE_SIGN_STYLE = Automatic;
				CURRENT_PROJECT_VERSION = 1;
				DEVELOPMENT_TEAM = WH2YKN549B;
				GENERATE_INFOPLIST_FILE = YES;
				IPHONEOS_DEPLOYMENT_TARGET = 16.2;
				MARKETING_VERSION = 1.0;
				PRODUCT_BUNDLE_IDENTIFIER = "com.petomuro.Products-AppTests";
				PRODUCT_NAME = "$(TARGET_NAME)";
				SWIFT_EMIT_LOC_STRINGS = NO;
				SWIFT_VERSION = 5.0;
				TARGETED_DEVICE_FAMILY = "1,2";
				TEST_HOST = "$(BUILT_PRODUCTS_DIR)/Products-App.app/$(BUNDLE_EXECUTABLE_FOLDER_PATH)/Products-App";
			};
			name = Debug;
		};
		ECD6261029A685F8003E2FF7 /* Release */ = {
			isa = XCBuildConfiguration;
			baseConfigurationReference = E4960BAD59D7B3A98DECAFA0 /* Pods-Products-AppTests.release.xcconfig */;
			buildSettings = {
				ALWAYS_EMBED_SWIFT_STANDARD_LIBRARIES = YES;
				BUNDLE_LOADER = "$(TEST_HOST)";
				CODE_SIGN_STYLE = Automatic;
				CURRENT_PROJECT_VERSION = 1;
				DEVELOPMENT_TEAM = WH2YKN549B;
				GENERATE_INFOPLIST_FILE = YES;
				IPHONEOS_DEPLOYMENT_TARGET = 16.2;
				MARKETING_VERSION = 1.0;
				PRODUCT_BUNDLE_IDENTIFIER = "com.petomuro.Products-AppTests";
				PRODUCT_NAME = "$(TARGET_NAME)";
				SWIFT_EMIT_LOC_STRINGS = NO;
				SWIFT_VERSION = 5.0;
				TARGETED_DEVICE_FAMILY = "1,2";
				TEST_HOST = "$(BUILT_PRODUCTS_DIR)/Products-App.app/$(BUNDLE_EXECUTABLE_FOLDER_PATH)/Products-App";
			};
			name = Release;
		};
		ECD6261229A685F8003E2FF7 /* Debug */ = {
			isa = XCBuildConfiguration;
			baseConfigurationReference = 02DE703C3F673E04BC9F1452 /* Pods-Products-App-Products-AppUITests.debug.xcconfig */;
			buildSettings = {
				ALWAYS_EMBED_SWIFT_STANDARD_LIBRARIES = YES;
				CODE_SIGN_STYLE = Automatic;
				CURRENT_PROJECT_VERSION = 1;
				DEVELOPMENT_TEAM = WH2YKN549B;
				GENERATE_INFOPLIST_FILE = YES;
				MARKETING_VERSION = 1.0;
				PRODUCT_BUNDLE_IDENTIFIER = "com.petomuro.Products-AppUITests";
				PRODUCT_NAME = "$(TARGET_NAME)";
				SWIFT_EMIT_LOC_STRINGS = NO;
				SWIFT_VERSION = 5.0;
				TARGETED_DEVICE_FAMILY = "1,2";
				TEST_TARGET_NAME = "Products-App";
			};
			name = Debug;
		};
		ECD6261329A685F8003E2FF7 /* Release */ = {
			isa = XCBuildConfiguration;
			baseConfigurationReference = 1B7437F9C6E7CBB8B36DA3C7 /* Pods-Products-App-Products-AppUITests.release.xcconfig */;
			buildSettings = {
				ALWAYS_EMBED_SWIFT_STANDARD_LIBRARIES = YES;
				CODE_SIGN_STYLE = Automatic;
				CURRENT_PROJECT_VERSION = 1;
				DEVELOPMENT_TEAM = WH2YKN549B;
				GENERATE_INFOPLIST_FILE = YES;
				MARKETING_VERSION = 1.0;
				PRODUCT_BUNDLE_IDENTIFIER = "com.petomuro.Products-AppUITests";
				PRODUCT_NAME = "$(TARGET_NAME)";
				SWIFT_EMIT_LOC_STRINGS = NO;
				SWIFT_VERSION = 5.0;
				TARGETED_DEVICE_FAMILY = "1,2";
				TEST_TARGET_NAME = "Products-App";
			};
			name = Release;
		};
/* End XCBuildConfiguration section */

/* Begin XCConfigurationList section */
		ECD625E229A685F7003E2FF7 /* Build configuration list for PBXProject "Products-App" */ = {
			isa = XCConfigurationList;
			buildConfigurations = (
				ECD6260929A685F8003E2FF7 /* Debug */,
				ECD6260A29A685F8003E2FF7 /* Release */,
			);
			defaultConfigurationIsVisible = 0;
			defaultConfigurationName = Release;
		};
		ECD6260B29A685F8003E2FF7 /* Build configuration list for PBXNativeTarget "Products-App" */ = {
			isa = XCConfigurationList;
			buildConfigurations = (
				ECD6260C29A685F8003E2FF7 /* Debug */,
				ECD6260D29A685F8003E2FF7 /* Release */,
			);
			defaultConfigurationIsVisible = 0;
			defaultConfigurationName = Release;
		};
		ECD6260E29A685F8003E2FF7 /* Build configuration list for PBXNativeTarget "Products-AppTests" */ = {
			isa = XCConfigurationList;
			buildConfigurations = (
				ECD6260F29A685F8003E2FF7 /* Debug */,
				ECD6261029A685F8003E2FF7 /* Release */,
			);
			defaultConfigurationIsVisible = 0;
			defaultConfigurationName = Release;
		};
		ECD6261129A685F8003E2FF7 /* Build configuration list for PBXNativeTarget "Products-AppUITests" */ = {
			isa = XCConfigurationList;
			buildConfigurations = (
				ECD6261229A685F8003E2FF7 /* Debug */,
				ECD6261329A685F8003E2FF7 /* Release */,
			);
			defaultConfigurationIsVisible = 0;
			defaultConfigurationName = Release;
		};
/* End XCConfigurationList section */
	};
	rootObject = ECD625DF29A685F7003E2FF7 /* Project object */;
}
