// !$*UTF8*$!
{
	archiveVersion = 1;
	classes = {
	};
	objectVersion = 56;
	objects = {

/* Begin PBXBuildFile section */
		ECD625EB29A685F7003E2FF7 /* Products_AppApp.swift in Sources */ = {isa = PBXBuildFile; fileRef = ECD625EA29A685F7003E2FF7 /* Products_AppApp.swift */; };
		ECD625ED29A685F7003E2FF7 /* ContentView.swift in Sources */ = {isa = PBXBuildFile; fileRef = ECD625EC29A685F7003E2FF7 /* ContentView.swift */; };
		ECD625EF29A685F8003E2FF7 /* Assets.xcassets in Resources */ = {isa = PBXBuildFile; fileRef = ECD625EE29A685F8003E2FF7 /* Assets.xcassets */; };
		ECD625F229A685F8003E2FF7 /* Preview Assets.xcassets in Resources */ = {isa = PBXBuildFile; fileRef = ECD625F129A685F8003E2FF7 /* Preview Assets.xcassets */; };
		ECD625FC29A685F8003E2FF7 /* Products_AppTests.swift in Sources */ = {isa = PBXBuildFile; fileRef = ECD625FB29A685F8003E2FF7 /* Products_AppTests.swift */; };
		ECD6260629A685F8003E2FF7 /* Products_AppUITests.swift in Sources */ = {isa = PBXBuildFile; fileRef = ECD6260529A685F8003E2FF7 /* Products_AppUITests.swift */; };
		ECD6260829A685F8003E2FF7 /* Products_AppUITestsLaunchTests.swift in Sources */ = {isa = PBXBuildFile; fileRef = ECD6260729A685F8003E2FF7 /* Products_AppUITestsLaunchTests.swift */; };
/* End PBXBuildFile section */

/* Begin PBXContainerItemProxy section */
		ECD625F829A685F8003E2FF7 /* PBXContainerItemProxy */ = {
			isa = PBXContainerItemProxy;
			containerPortal = ECD625DF29A685F7003E2FF7 /* Project object */;
			proxyType = 1;
			remoteGlobalIDString = ECD625E629A685F7003E2FF7;
			remoteInfo = "Products-App";
		};
		ECD6260229A685F8003E2FF7 /* PBXContainerItemProxy */ = {
			isa = PBXContainerItemProxy;
			containerPortal = ECD625DF29A685F7003E2FF7 /* Project object */;
			proxyType = 1;
			remoteGlobalIDString = ECD625E629A685F7003E2FF7;
			remoteInfo = "Products-App";
		};
/* End PBXContainerItemProxy section */

/* Begin PBXFileReference section */
		ECD625E729A685F7003E2FF7 /* Products-App.app */ = {isa = PBXFileReference; explicitFileType = wrapper.application; includeInIndex = 0; path = "Products-App.app"; sourceTree = BUILT_PRODUCTS_DIR; };
		ECD625EA29A685F7003E2FF7 /* Products_AppApp.swift */ = {isa = PBXFileReference; lastKnownFileType = sourcecode.swift; path = Products_AppApp.swift; sourceTree = "<group>"; };
		ECD625EC29A685F7003E2FF7 /* ContentView.swift */ = {isa = PBXFileReference; lastKnownFileType = sourcecode.swift; path = ContentView.swift; sourceTree = "<group>"; };
		ECD625EE29A685F8003E2FF7 /* Assets.xcassets */ = {isa = PBXFileReference; lastKnownFileType = folder.assetcatalog; path = Assets.xcassets; sourceTree = "<group>"; };
		ECD625F129A685F8003E2FF7 /* Preview Assets.xcassets */ = {isa = PBXFileReference; lastKnownFileType = folder.assetcatalog; path = "Preview Assets.xcassets"; sourceTree = "<group>"; };
		ECD625F729A685F8003E2FF7 /* Products-AppTests.xctest */ = {isa = PBXFileReference; explicitFileType = wrapper.cfbundle; includeInIndex = 0; path = "Products-AppTests.xctest"; sourceTree = BUILT_PRODUCTS_DIR; };
		ECD625FB29A685F8003E2FF7 /* Products_AppTests.swift */ = {isa = PBXFileReference; lastKnownFileType = sourcecode.swift; path = Products_AppTests.swift; sourceTree = "<group>"; };
		ECD6260129A685F8003E2FF7 /* Products-AppUITests.xctest */ = {isa = PBXFileReference; explicitFileType = wrapper.cfbundle; includeInIndex = 0; path = "Products-AppUITests.xctest"; sourceTree = BUILT_PRODUCTS_DIR; };
		ECD6260529A685F8003E2FF7 /* Products_AppUITests.swift */ = {isa = PBXFileReference; lastKnownFileType = sourcecode.swift; path = Products_AppUITests.swift; sourceTree = "<group>"; };
		ECD6260729A685F8003E2FF7 /* Products_AppUITestsLaunchTests.swift */ = {isa = PBXFileReference; lastKnownFileType = sourcecode.swift; path = Products_AppUITestsLaunchTests.swift; sourceTree = "<group>"; };
/* End PBXFileReference section */

/* Begin PBXFrameworksBuildPhase section */
		ECD625E429A685F7003E2FF7 /* Frameworks */ = {
			isa = PBXFrameworksBuildPhase;
			buildActionMask = 2147483647;
			files = (
			);
			runOnlyForDeploymentPostprocessing = 0;
		};
		ECD625F429A685F8003E2FF7 /* Frameworks */ = {
			isa = PBXFrameworksBuildPhase;
			buildActionMask = 2147483647;
			files = (
			);
			runOnlyForDeploymentPostprocessing = 0;
		};
		ECD625FE29A685F8003E2FF7 /* Frameworks */ = {
			isa = PBXFrameworksBuildPhase;
			buildActionMask = 2147483647;
			files = (
			);
			runOnlyForDeploymentPostprocessing = 0;
		};
/* End PBXFrameworksBuildPhase section */

/* Begin PBXGroup section */
		ECD625DE29A685F7003E2FF7 = {
			isa = PBXGroup;
			children = (
				ECD625E929A685F7003E2FF7 /* Products-App */,
				ECD625FA29A685F8003E2FF7 /* Products-AppTests */,
				ECD6260429A685F8003E2FF7 /* Products-AppUITests */,
				ECD625E829A685F7003E2FF7 /* Products */,
			);
			sourceTree = "<group>";
		};
		ECD625E829A685F7003E2FF7 /* Products */ = {
			isa = PBXGroup;
			children = (
				ECD625E729A685F7003E2FF7 /* Products-App.app */,
				ECD625F729A685F8003E2FF7 /* Products-AppTests.xctest */,
				ECD6260129A685F8003E2FF7 /* Products-AppUITests.xctest */,
			);
			name = Products;
			sourceTree = "<group>";
		};
		ECD625E929A685F7003E2FF7 /* Products-App */ = {
			isa = PBXGroup;
			children = (
				ECD625EA29A685F7003E2FF7 /* Products_AppApp.swift */,
				ECD625EC29A685F7003E2FF7 /* ContentView.swift */,
				ECD625EE29A685F8003E2FF7 /* Assets.xcassets */,
				ECD625F029A685F8003E2FF7 /* Preview Content */,
			);
			path = "Products-App";
			sourceTree = "<group>";
		};
		ECD625F029A685F8003E2FF7 /* Preview Content */ = {
			isa = PBXGroup;
			children = (
				ECD625F129A685F8003E2FF7 /* Preview Assets.xcassets */,
			);
			path = "Preview Content";
			sourceTree = "<group>";
		};
		ECD625FA29A685F8003E2FF7 /* Products-AppTests */ = {
			isa = PBXGroup;
			children = (
				ECD625FB29A685F8003E2FF7 /* Products_AppTests.swift */,
			);
			path = "Products-AppTests";
			sourceTree = "<group>";
		};
		ECD6260429A685F8003E2FF7 /* Products-AppUITests */ = {
			isa = PBXGroup;
			children = (
				ECD6260529A685F8003E2FF7 /* Products_AppUITests.swift */,
				ECD6260729A685F8003E2FF7 /* Products_AppUITestsLaunchTests.swift */,
			);
			path = "Products-AppUITests";
			sourceTree = "<group>";
		};
/* End PBXGroup section */

/* Begin PBXNativeTarget section */
		ECD625E629A685F7003E2FF7 /* Products-App */ = {
			isa = PBXNativeTarget;
			buildConfigurationList = ECD6260B29A685F8003E2FF7 /* Build configuration list for PBXNativeTarget "Products-App" */;
			buildPhases = (
				ECD625E329A685F7003E2FF7 /* Sources */,
				ECD625E429A685F7003E2FF7 /* Frameworks */,
				ECD625E529A685F7003E2FF7 /* Resources */,
			);
			buildRules = (
			);
			dependencies = (
			);
			name = "Products-App";
			productName = "Products-App";
			productReference = ECD625E729A685F7003E2FF7 /* Products-App.app */;
			productType = "com.apple.product-type.application";
		};
		ECD625F629A685F8003E2FF7 /* Products-AppTests */ = {
			isa = PBXNativeTarget;
			buildConfigurationList = ECD6260E29A685F8003E2FF7 /* Build configuration list for PBXNativeTarget "Products-AppTests" */;
			buildPhases = (
				ECD625F329A685F8003E2FF7 /* Sources */,
				ECD625F429A685F8003E2FF7 /* Frameworks */,
				ECD625F529A685F8003E2FF7 /* Resources */,
			);
			buildRules = (
			);
			dependencies = (
				ECD625F929A685F8003E2FF7 /* PBXTargetDependency */,
			);
			name = "Products-AppTests";
			productName = "Products-AppTests";
			productReference = ECD625F729A685F8003E2FF7 /* Products-AppTests.xctest */;
			productType = "com.apple.product-type.bundle.unit-test";
		};
		ECD6260029A685F8003E2FF7 /* Products-AppUITests */ = {
			isa = PBXNativeTarget;
			buildConfigurationList = ECD6261129A685F8003E2FF7 /* Build configuration list for PBXNativeTarget "Products-AppUITests" */;
			buildPhases = (
				ECD625FD29A685F8003E2FF7 /* Sources */,
				ECD625FE29A685F8003E2FF7 /* Frameworks */,
				ECD625FF29A685F8003E2FF7 /* Resources */,
			);
			buildRules = (
			);
			dependencies = (
				ECD6260329A685F8003E2FF7 /* PBXTargetDependency */,
			);
			name = "Products-AppUITests";
			productName = "Products-AppUITests";
			productReference = ECD6260129A685F8003E2FF7 /* Products-AppUITests.xctest */;
			productType = "com.apple.product-type.bundle.ui-testing";
		};
/* End PBXNativeTarget section */

/* Begin PBXProject section */
		ECD625DF29A685F7003E2FF7 /* Project object */ = {
			isa = PBXProject;
			attributes = {
				BuildIndependentTargetsInParallel = 1;
				LastSwiftUpdateCheck = 1420;
				LastUpgradeCheck = 1420;
				TargetAttributes = {
					ECD625E629A685F7003E2FF7 = {
						CreatedOnToolsVersion = 14.2;
					};
					ECD625F629A685F8003E2FF7 = {
						CreatedOnToolsVersion = 14.2;
						TestTargetID = ECD625E629A685F7003E2FF7;
					};
					ECD6260029A685F8003E2FF7 = {
						CreatedOnToolsVersion = 14.2;
						TestTargetID = ECD625E629A685F7003E2FF7;
					};
				};
			};
			buildConfigurationList = ECD625E229A685F7003E2FF7 /* Build configuration list for PBXProject "Products-App" */;
			compatibilityVersion = "Xcode 14.0";
			developmentRegion = en;
			hasScannedForEncodings = 0;
			knownRegions = (
				en,
				Base,
			);
			mainGroup = ECD625DE29A685F7003E2FF7;
			productRefGroup = ECD625E829A685F7003E2FF7 /* Products */;
			projectDirPath = "";
			projectRoot = "";
			targets = (
				ECD625E629A685F7003E2FF7 /* Products-App */,
				ECD625F629A685F8003E2FF7 /* Products-AppTests */,
				ECD6260029A685F8003E2FF7 /* Products-AppUITests */,
			);
		};
/* End PBXProject section */

/* Begin PBXResourcesBuildPhase section */
		ECD625E529A685F7003E2FF7 /* Resources */ = {
			isa = PBXResourcesBuildPhase;
			buildActionMask = 2147483647;
			files = (
				ECD625F229A685F8003E2FF7 /* Preview Assets.xcassets in Resources */,
				ECD625EF29A685F8003E2FF7 /* Assets.xcassets in Resources */,
			);
			runOnlyForDeploymentPostprocessing = 0;
		};
		ECD625F529A685F8003E2FF7 /* Resources */ = {
			isa = PBXResourcesBuildPhase;
			buildActionMask = 2147483647;
			files = (
			);
			runOnlyForDeploymentPostprocessing = 0;
		};
		ECD625FF29A685F8003E2FF7 /* Resources */ = {
			isa = PBXResourcesBuildPhase;
			buildActionMask = 2147483647;
			files = (
			);
			runOnlyForDeploymentPostprocessing = 0;
		};
/* End PBXResourcesBuildPhase section */

/* Begin PBXSourcesBuildPhase section */
		ECD625E329A685F7003E2FF7 /* Sources */ = {
			isa = PBXSourcesBuildPhase;
			buildActionMask = 2147483647;
			files = (
				ECD625ED29A685F7003E2FF7 /* ContentView.swift in Sources */,
				ECD625EB29A685F7003E2FF7 /* Products_AppApp.swift in Sources */,
			);
			runOnlyForDeploymentPostprocessing = 0;
		};
		ECD625F329A685F8003E2FF7 /* Sources */ = {
			isa = PBXSourcesBuildPhase;
			buildActionMask = 2147483647;
			files = (
				ECD625FC29A685F8003E2FF7 /* Products_AppTests.swift in Sources */,
			);
			runOnlyForDeploymentPostprocessing = 0;
		};
		ECD625FD29A685F8003E2FF7 /* Sources */ = {
			isa = PBXSourcesBuildPhase;
			buildActionMask = 2147483647;
			files = (
				ECD6260829A685F8003E2FF7 /* Products_AppUITestsLaunchTests.swift in Sources */,
				ECD6260629A685F8003E2FF7 /* Products_AppUITests.swift in Sources */,
			);
			runOnlyForDeploymentPostprocessing = 0;
		};
/* End PBXSourcesBuildPhase section */

/* Begin PBXTargetDependency section */
		ECD625F929A685F8003E2FF7 /* PBXTargetDependency */ = {
			isa = PBXTargetDependency;
			target = ECD625E629A685F7003E2FF7 /* Products-App */;
			targetProxy = ECD625F829A685F8003E2FF7 /* PBXContainerItemProxy */;
		};
		ECD6260329A685F8003E2FF7 /* PBXTargetDependency */ = {
			isa = PBXTargetDependency;
			target = ECD625E629A685F7003E2FF7 /* Products-App */;
			targetProxy = ECD6260229A685F8003E2FF7 /* PBXContainerItemProxy */;
		};
/* End PBXTargetDependency section */

/* Begin XCBuildConfiguration section */
		ECD6260929A685F8003E2FF7 /* Debug */ = {
			isa = XCBuildConfiguration;
			buildSettings = {
				ALWAYS_SEARCH_USER_PATHS = NO;
				CLANG_ANALYZER_NONNULL = YES;
				CLANG_ANALYZER_NUMBER_OBJECT_CONVERSION = YES_AGGRESSIVE;
				CLANG_CXX_LANGUAGE_STANDARD = "gnu++20";
				CLANG_ENABLE_MODULES = YES;
				CLANG_ENABLE_OBJC_ARC = YES;
				CLANG_ENABLE_OBJC_WEAK = YES;
				CLANG_WARN_BLOCK_CAPTURE_AUTORELEASING = YES;
				CLANG_WARN_BOOL_CONVERSION = YES;
				CLANG_WARN_COMMA = YES;
				CLANG_WARN_CONSTANT_CONVERSION = YES;
				CLANG_WARN_DEPRECATED_OBJC_IMPLEMENTATIONS = YES;
				CLANG_WARN_DIRECT_OBJC_ISA_USAGE = YES_ERROR;
				CLANG_WARN_DOCUMENTATION_COMMENTS = YES;
				CLANG_WARN_EMPTY_BODY = YES;
				CLANG_WARN_ENUM_CONVERSION = YES;
				CLANG_WARN_INFINITE_RECURSION = YES;
				CLANG_WARN_INT_CONVERSION = YES;
				CLANG_WARN_NON_LITERAL_NULL_CONVERSION = YES;
				CLANG_WARN_OBJC_IMPLICIT_RETAIN_SELF = YES;
				CLANG_WARN_OBJC_LITERAL_CONVERSION = YES;
				CLANG_WARN_OBJC_ROOT_CLASS = YES_ERROR;
				CLANG_WARN_QUOTED_INCLUDE_IN_FRAMEWORK_HEADER = YES;
				CLANG_WARN_RANGE_LOOP_ANALYSIS = YES;
				CLANG_WARN_STRICT_PROTOTYPES = YES;
				CLANG_WARN_SUSPICIOUS_MOVE = YES;
				CLANG_WARN_UNGUARDED_AVAILABILITY = YES_AGGRESSIVE;
				CLANG_WARN_UNREACHABLE_CODE = YES;
				CLANG_WARN__DUPLICATE_METHOD_MATCH = YES;
				COPY_PHASE_STRIP = NO;
				DEBUG_INFORMATION_FORMAT = dwarf;
				ENABLE_STRICT_OBJC_MSGSEND = YES;
				ENABLE_TESTABILITY = YES;
				GCC_C_LANGUAGE_STANDARD = gnu11;
				GCC_DYNAMIC_NO_PIC = NO;
				GCC_NO_COMMON_BLOCKS = YES;
				GCC_OPTIMIZATION_LEVEL = 0;
				GCC_PREPROCESSOR_DEFINITIONS = (
					"DEBUG=1",
					"$(inherited)",
				);
				GCC_WARN_64_TO_32_BIT_CONVERSION = YES;
				GCC_WARN_ABOUT_RETURN_TYPE = YES_ERROR;
				GCC_WARN_UNDECLARED_SELECTOR = YES;
				GCC_WARN_UNINITIALIZED_AUTOS = YES_AGGRESSIVE;
				GCC_WARN_UNUSED_FUNCTION = YES;
				GCC_WARN_UNUSED_VARIABLE = YES;
				IPHONEOS_DEPLOYMENT_TARGET = 16.2;
				MTL_ENABLE_DEBUG_INFO = INCLUDE_SOURCE;
				MTL_FAST_MATH = YES;
				ONLY_ACTIVE_ARCH = YES;
				SDKROOT = iphoneos;
				SWIFT_ACTIVE_COMPILATION_CONDITIONS = DEBUG;
				SWIFT_OPTIMIZATION_LEVEL = "-Onone";
			};
			name = Debug;
		};
		ECD6260A29A685F8003E2FF7 /* Release */ = {
			isa = XCBuildConfiguration;
			buildSettings = {
				ALWAYS_SEARCH_USER_PATHS = NO;
				CLANG_ANALYZER_NONNULL = YES;
				CLANG_ANALYZER_NUMBER_OBJECT_CONVERSION = YES_AGGRESSIVE;
				CLANG_CXX_LANGUAGE_STANDARD = "gnu++20";
				CLANG_ENABLE_MODULES = YES;
				CLANG_ENABLE_OBJC_ARC = YES;
				CLANG_ENABLE_OBJC_WEAK = YES;
				CLANG_WARN_BLOCK_CAPTURE_AUTORELEASING = YES;
				CLANG_WARN_BOOL_CONVERSION = YES;
				CLANG_WARN_COMMA = YES;
				CLANG_WARN_CONSTANT_CONVERSION = YES;
				CLANG_WARN_DEPRECATED_OBJC_IMPLEMENTATIONS = YES;
				CLANG_WARN_DIRECT_OBJC_ISA_USAGE = YES_ERROR;
				CLANG_WARN_DOCUMENTATION_COMMENTS = YES;
				CLANG_WARN_EMPTY_BODY = YES;
				CLANG_WARN_ENUM_CONVERSION = YES;
				CLANG_WARN_INFINITE_RECURSION = YES;
				CLANG_WARN_INT_CONVERSION = YES;
				CLANG_WARN_NON_LITERAL_NULL_CONVERSION = YES;
				CLANG_WARN_OBJC_IMPLICIT_RETAIN_SELF = YES;
				CLANG_WARN_OBJC_LITERAL_CONVERSION = YES;
				CLANG_WARN_OBJC_ROOT_CLASS = YES_ERROR;
				CLANG_WARN_QUOTED_INCLUDE_IN_FRAMEWORK_HEADER = YES;
				CLANG_WARN_RANGE_LOOP_ANALYSIS = YES;
				CLANG_WARN_STRICT_PROTOTYPES = YES;
				CLANG_WARN_SUSPICIOUS_MOVE = YES;
				CLANG_WARN_UNGUARDED_AVAILABILITY = YES_AGGRESSIVE;
				CLANG_WARN_UNREACHABLE_CODE = YES;
				CLANG_WARN__DUPLICATE_METHOD_MATCH = YES;
				COPY_PHASE_STRIP = NO;
				DEBUG_INFORMATION_FORMAT = "dwarf-with-dsym";
				ENABLE_NS_ASSERTIONS = NO;
				ENABLE_STRICT_OBJC_MSGSEND = YES;
				GCC_C_LANGUAGE_STANDARD = gnu11;
				GCC_NO_COMMON_BLOCKS = YES;
				GCC_WARN_64_TO_32_BIT_CONVERSION = YES;
				GCC_WARN_ABOUT_RETURN_TYPE = YES_ERROR;
				GCC_WARN_UNDECLARED_SELECTOR = YES;
				GCC_WARN_UNINITIALIZED_AUTOS = YES_AGGRESSIVE;
				GCC_WARN_UNUSED_FUNCTION = YES;
				GCC_WARN_UNUSED_VARIABLE = YES;
				IPHONEOS_DEPLOYMENT_TARGET = 16.2;
				MTL_ENABLE_DEBUG_INFO = NO;
				MTL_FAST_MATH = YES;
				SDKROOT = iphoneos;
				SWIFT_COMPILATION_MODE = wholemodule;
				SWIFT_OPTIMIZATION_LEVEL = "-O";
				VALIDATE_PRODUCT = YES;
			};
			name = Release;
		};
		ECD6260C29A685F8003E2FF7 /* Debug */ = {
			isa = XCBuildConfiguration;
			buildSettings = {
				ASSETCATALOG_COMPILER_APPICON_NAME = AppIcon;
				ASSETCATALOG_COMPILER_GLOBAL_ACCENT_COLOR_NAME = AccentColor;
				CODE_SIGN_STYLE = Automatic;
				CURRENT_PROJECT_VERSION = 1;
				DEVELOPMENT_ASSET_PATHS = "\"Products-App/Preview Content\"";
				DEVELOPMENT_TEAM = WH2YKN549B;
				ENABLE_PREVIEWS = YES;
				GENERATE_INFOPLIST_FILE = YES;
				INFOPLIST_KEY_UIApplicationSceneManifest_Generation = YES;
				INFOPLIST_KEY_UIApplicationSupportsIndirectInputEvents = YES;
				INFOPLIST_KEY_UILaunchScreen_Generation = YES;
				INFOPLIST_KEY_UISupportedInterfaceOrientations_iPad = "UIInterfaceOrientationPortrait UIInterfaceOrientationPortraitUpsideDown UIInterfaceOrientationLandscapeLeft UIInterfaceOrientationLandscapeRight";
				INFOPLIST_KEY_UISupportedInterfaceOrientations_iPhone = "UIInterfaceOrientationPortrait UIInterfaceOrientationLandscapeLeft UIInterfaceOrientationLandscapeRight";
				LD_RUNPATH_SEARCH_PATHS = (
					"$(inherited)",
					"@executable_path/Frameworks",
				);
				MARKETING_VERSION = 1.0;
				PRODUCT_BUNDLE_IDENTIFIER = "com.petomuro.Products-App";
				PRODUCT_NAME = "$(TARGET_NAME)";
				SWIFT_EMIT_LOC_STRINGS = YES;
				SWIFT_VERSION = 5.0;
				TARGETED_DEVICE_FAMILY = "1,2";
			};
			name = Debug;
		};
		ECD6260D29A685F8003E2FF7 /* Release */ = {
			isa = XCBuildConfiguration;
			buildSettings = {
				ASSETCATALOG_COMPILER_APPICON_NAME = AppIcon;
				ASSETCATALOG_COMPILER_GLOBAL_ACCENT_COLOR_NAME = AccentColor;
				CODE_SIGN_STYLE = Automatic;
				CURRENT_PROJECT_VERSION = 1;
				DEVELOPMENT_ASSET_PATHS = "\"Products-App/Preview Content\"";
				DEVELOPMENT_TEAM = WH2YKN549B;
				ENABLE_PREVIEWS = YES;
				GENERATE_INFOPLIST_FILE = YES;
				INFOPLIST_KEY_UIApplicationSceneManifest_Generation = YES;
				INFOPLIST_KEY_UIApplicationSupportsIndirectInputEvents = YES;
				INFOPLIST_KEY_UILaunchScreen_Generation = YES;
				INFOPLIST_KEY_UISupportedInterfaceOrientations_iPad = "UIInterfaceOrientationPortrait UIInterfaceOrientationPortraitUpsideDown UIInterfaceOrientationLandscapeLeft UIInterfaceOrientationLandscapeRight";
				INFOPLIST_KEY_UISupportedInterfaceOrientations_iPhone = "UIInterfaceOrientationPortrait UIInterfaceOrientationLandscapeLeft UIInterfaceOrientationLandscapeRight";
				LD_RUNPATH_SEARCH_PATHS = (
					"$(inherited)",
					"@executable_path/Frameworks",
				);
				MARKETING_VERSION = 1.0;
				PRODUCT_BUNDLE_IDENTIFIER = "com.petomuro.Products-App";
				PRODUCT_NAME = "$(TARGET_NAME)";
				SWIFT_EMIT_LOC_STRINGS = YES;
				SWIFT_VERSION = 5.0;
				TARGETED_DEVICE_FAMILY = "1,2";
			};
			name = Release;
		};
		ECD6260F29A685F8003E2FF7 /* Debug */ = {
			isa = XCBuildConfiguration;
			buildSettings = {
				ALWAYS_EMBED_SWIFT_STANDARD_LIBRARIES = YES;
				BUNDLE_LOADER = "$(TEST_HOST)";
				CODE_SIGN_STYLE = Automatic;
				CURRENT_PROJECT_VERSION = 1;
				DEVELOPMENT_TEAM = WH2YKN549B;
				GENERATE_INFOPLIST_FILE = YES;
				IPHONEOS_DEPLOYMENT_TARGET = 16.2;
				MARKETING_VERSION = 1.0;
				PRODUCT_BUNDLE_IDENTIFIER = "com.petomuro.Products-AppTests";
				PRODUCT_NAME = "$(TARGET_NAME)";
				SWIFT_EMIT_LOC_STRINGS = NO;
				SWIFT_VERSION = 5.0;
				TARGETED_DEVICE_FAMILY = "1,2";
				TEST_HOST = "$(BUILT_PRODUCTS_DIR)/Products-App.app/$(BUNDLE_EXECUTABLE_FOLDER_PATH)/Products-App";
			};
			name = Debug;
		};
		ECD6261029A685F8003E2FF7 /* Release */ = {
			isa = XCBuildConfiguration;
			buildSettings = {
				ALWAYS_EMBED_SWIFT_STANDARD_LIBRARIES = YES;
				BUNDLE_LOADER = "$(TEST_HOST)";
				CODE_SIGN_STYLE = Automatic;
				CURRENT_PROJECT_VERSION = 1;
				DEVELOPMENT_TEAM = WH2YKN549B;
				GENERATE_INFOPLIST_FILE = YES;
				IPHONEOS_DEPLOYMENT_TARGET = 16.2;
				MARKETING_VERSION = 1.0;
				PRODUCT_BUNDLE_IDENTIFIER = "com.petomuro.Products-AppTests";
				PRODUCT_NAME = "$(TARGET_NAME)";
				SWIFT_EMIT_LOC_STRINGS = NO;
				SWIFT_VERSION = 5.0;
				TARGETED_DEVICE_FAMILY = "1,2";
				TEST_HOST = "$(BUILT_PRODUCTS_DIR)/Products-App.app/$(BUNDLE_EXECUTABLE_FOLDER_PATH)/Products-App";
			};
			name = Release;
		};
		ECD6261229A685F8003E2FF7 /* Debug */ = {
			isa = XCBuildConfiguration;
			buildSettings = {
				ALWAYS_EMBED_SWIFT_STANDARD_LIBRARIES = YES;
				CODE_SIGN_STYLE = Automatic;
				CURRENT_PROJECT_VERSION = 1;
				DEVELOPMENT_TEAM = WH2YKN549B;
				GENERATE_INFOPLIST_FILE = YES;
				MARKETING_VERSION = 1.0;
				PRODUCT_BUNDLE_IDENTIFIER = "com.petomuro.Products-AppUITests";
				PRODUCT_NAME = "$(TARGET_NAME)";
				SWIFT_EMIT_LOC_STRINGS = NO;
				SWIFT_VERSION = 5.0;
				TARGETED_DEVICE_FAMILY = "1,2";
				TEST_TARGET_NAME = "Products-App";
			};
			name = Debug;
		};
		ECD6261329A685F8003E2FF7 /* Release */ = {
			isa = XCBuildConfiguration;
			buildSettings = {
				ALWAYS_EMBED_SWIFT_STANDARD_LIBRARIES = YES;
				CODE_SIGN_STYLE = Automatic;
				CURRENT_PROJECT_VERSION = 1;
				DEVELOPMENT_TEAM = WH2YKN549B;
				GENERATE_INFOPLIST_FILE = YES;
				MARKETING_VERSION = 1.0;
				PRODUCT_BUNDLE_IDENTIFIER = "com.petomuro.Products-AppUITests";
				PRODUCT_NAME = "$(TARGET_NAME)";
				SWIFT_EMIT_LOC_STRINGS = NO;
				SWIFT_VERSION = 5.0;
				TARGETED_DEVICE_FAMILY = "1,2";
				TEST_TARGET_NAME = "Products-App";
			};
			name = Release;
		};
/* End XCBuildConfiguration section */

/* Begin XCConfigurationList section */
		ECD625E229A685F7003E2FF7 /* Build configuration list for PBXProject "Products-App" */ = {
			isa = XCConfigurationList;
			buildConfigurations = (
				ECD6260929A685F8003E2FF7 /* Debug */,
				ECD6260A29A685F8003E2FF7 /* Release */,
			);
			defaultConfigurationIsVisible = 0;
			defaultConfigurationName = Release;
		};
		ECD6260B29A685F8003E2FF7 /* Build configuration list for PBXNativeTarget "Products-App" */ = {
			isa = XCConfigurationList;
			buildConfigurations = (
				ECD6260C29A685F8003E2FF7 /* Debug */,
				ECD6260D29A685F8003E2FF7 /* Release */,
			);
			defaultConfigurationIsVisible = 0;
			defaultConfigurationName = Release;
		};
		ECD6260E29A685F8003E2FF7 /* Build configuration list for PBXNativeTarget "Products-AppTests" */ = {
			isa = XCConfigurationList;
			buildConfigurations = (
				ECD6260F29A685F8003E2FF7 /* Debug */,
				ECD6261029A685F8003E2FF7 /* Release */,
			);
			defaultConfigurationIsVisible = 0;
			defaultConfigurationName = Release;
		};
		ECD6261129A685F8003E2FF7 /* Build configuration list for PBXNativeTarget "Products-AppUITests" */ = {
			isa = XCConfigurationList;
			buildConfigurations = (
				ECD6261229A685F8003E2FF7 /* Debug */,
				ECD6261329A685F8003E2FF7 /* Release */,
			);
			defaultConfigurationIsVisible = 0;
			defaultConfigurationName = Release;
		};
/* End XCConfigurationList section */
	};
	rootObject = ECD625DF29A685F7003E2FF7 /* Project object */;
}
